
Microsoft Visual Studio Solution File, Format Version 12.00
# Visual Studio Version 17
VisualStudioVersion = 17.3.32819.101
MinimumVisualStudioVersion = 10.0.40219.1
Project("{FAE04EC0-301F-11D3-BF4B-00C04F79EFBC}") = "admin", "admin\admin.csproj", "{EE9EF321-817A-4ED3-8B1B-944460A188A1}"
EndProject
Project("{FAE04EC0-301F-11D3-BF4B-00C04F79EFBC}") = "TokenBaseAuth", "TokenBaseAuth\TokenBaseAuth.csproj", "{01F2C410-741E-4498-89D4-60E946FD722C}"
EndProject
Global
	GlobalSection(SolutionConfigurationPlatforms) = preSolution
		Debug|Any CPU = Debug|Any CPU
		Release|Any CPU = Release|Any CPU
	EndGlobalSection
	GlobalSection(ProjectConfigurationPlatforms) = postSolution
		{EE9EF321-817A-4ED3-8B1B-944460A188A1}.Debug|Any CPU.ActiveCfg = Debug|Any CPU
		{EE9EF321-817A-4ED3-8B1B-944460A188A1}.Debug|Any CPU.Build.0 = Debug|Any CPU
		{EE9EF321-817A-4ED3-8B1B-944460A188A1}.Release|Any CPU.ActiveCfg = Release|Any CPU
		{EE9EF321-817A-4ED3-8B1B-944460A188A1}.Release|Any CPU.Build.0 = Release|Any CPU
		{01F2C410-741E-4498-89D4-60E946FD722C}.Debug|Any CPU.ActiveCfg = Debug|Any CPU
		{01F2C410-741E-4498-89D4-60E946FD722C}.Debug|Any CPU.Build.0 = Debug|Any CPU
		{01F2C410-741E-4498-89D4-60E946FD722C}.Release|Any CPU.ActiveCfg = Release|Any CPU
		{01F2C410-741E-4498-89D4-60E946FD722C}.Release|Any CPU.Build.0 = Release|Any CPU
	EndGlobalSection
	GlobalSection(SolutionProperties) = preSolution
		HideSolutionNode = FALSE
	EndGlobalSection
	GlobalSection(ExtensibilityGlobals) = postSolution
		SolutionGuid = {1318D172-6092-488C-A7A6-E1FBE48F42C1}
	EndGlobalSection
EndGlobal
